<?xml version="1.0" encoding="UTF-8" standalone="yes" ?>
<CodeBlocks_project_file>
	<FileVersion major="1" minor="6" />
	<Project>
		<Option title="go_back" />
		<Option pch_mode="2" />
		<Option compiler="gcc" />
		<Build>
			<Target title="Debug">
				<Option output="Debug/go_back" prefix_auto="1" extension_auto="1" />
				<Option object_output="Debug/" />
				<Option type="1" />
				<Option compiler="gcc" />
				<Compiler>
					<Add option="-g" />
					<Add option="-D__DEBUG__" />
				</Compiler>
			</Target>
			<Target title="Release">
				<Option output="./goback" prefix_auto="1" extension_auto="1" />
				<Option object_output="obj/" />
				<Option type="0" />
				<Option compiler="gcc" />
				<Compiler>
					<Add option="-O2" />
				</Compiler>
				<Linker>
					<Add option="-s" />
				</Linker>
			</Target>
		</Build>
		<Compiler>
			<Add option="-std=c++11" />
			<Add option="-Wall" />
		</Compiler>
		<Linker>
			<Add option="`pkg-config --libs allegro-5.0`" />
			<Add library="/usr/lib/liballegro_acodec.so" />
			<Add library="/usr/lib/liballegro_audio.so" />
			<Add library="/usr/lib/liballegro_ttf.so" />
			<Add library="/usr/lib/liballegro_font.so" />
			<Add library="/usr/lib/liballegro_physfs.so" />
			<Add library="/usr/lib/liballegro_primitives.so" />
			<Add library="/usr/lib/liballegro_image.so" />
		</Linker>
		<Unit filename="src/alhandler.cpp" />
		<Unit filename="src/alhandler.hpp" />
		<Unit filename="src/configloader.cpp" />
		<Unit filename="src/configloader.hpp" />
		<Unit filename="src/sub.cpp" />
		<Unit filename="src/sub.hpp" />
		<Extensions>
			<envvars />
			<code_completion />
			<lib_finder disable_auto="1" />
			<debugger />
		</Extensions>
	</Project>
</CodeBlocks_project_file>
